<?xml version="1.0" encoding="utf-8"?>
<Project ToolsVersion="4.0" xmlns="http://schemas.microsoft.com/developer/msbuild/2003">
  <ItemGroup>
    <Filter Include="Graph">
      <UniqueIdentifier>{67DA6AB6-F800-4c08-8B7A-83BB121AAD01}</UniqueIdentifier>
    </Filter>
    <Filter Include="Rendering">
      <UniqueIdentifier>{4FC737F1-C7A5-4376-A066-2A32D752A2FF}</UniqueIdentifier>
    </Filter>
    <Filter Include="Effects">
      <UniqueIdentifier>{93995380-89BD-4b04-88EB-625FBE52EBFB}</UniqueIdentifier>
    </Filter>
    <Filter Include="Controls">
      <UniqueIdentifier>{D9D6E242-F8AF-4e16-AE04-014B56B4B6F0}</UniqueIdentifier>
    </Filter>
    <Filter Include="Assets">
      <UniqueIdentifier>{A1E28C87-1D94-4BAA-9B68-5C43B0E9F248}</UniqueIdentifier>
    </Filter>
  </ItemGroup>

  <!-- Header Files -->
  <ItemGroup>
    <ClInclude Include="pch.h" />
    <ClInclude Include="App.xaml.h" />
    <ClInclude Include="MainWindow.xaml.h" />

    <ClInclude Include="Graph\NodeType.h">
      <Filter>Graph</Filter>
    </ClInclude>
    <ClInclude Include="Graph\PropertyValue.h">
      <Filter>Graph</Filter>
    </ClInclude>
    <ClInclude Include="Graph\EffectNode.h">
      <Filter>Graph</Filter>
    </ClInclude>
    <ClInclude Include="Graph\EffectEdge.h">
      <Filter>Graph</Filter>
    </ClInclude>
    <ClInclude Include="Graph\EffectGraph.h">
      <Filter>Graph</Filter>
    </ClInclude>

    <ClInclude Include="Rendering\DisplayInfo.h">
      <Filter>Rendering</Filter>
    </ClInclude>
    <ClInclude Include="Rendering\DisplayMonitor.h">
      <Filter>Rendering</Filter>
    </ClInclude>
    <ClInclude Include="Rendering\PipelineFormat.h">
      <Filter>Rendering</Filter>
    </ClInclude>
    <ClInclude Include="Rendering\RenderEngine.h">
      <Filter>Rendering</Filter>
    </ClInclude>
    <ClInclude Include="Rendering\GraphEvaluator.h">
      <Filter>Rendering</Filter>
    </ClInclude>
    <ClInclude Include="Rendering\ToneMapper.h">
      <Filter>Rendering</Filter>
    </ClInclude>
    <ClInclude Include="Rendering\FalseColorOverlay.h">
      <Filter>Rendering</Filter>
    </ClInclude>

    <ClInclude Include="Effects\ImageLoader.h">
      <Filter>Effects</Filter>
    </ClInclude>
    <ClInclude Include="Effects\SourceNodeFactory.h">
      <Filter>Effects</Filter>
    </ClInclude>
    <ClInclude Include="Effects\EffectRegistry.h">
      <Filter>Effects</Filter>
    </ClInclude>
    <ClInclude Include="Effects\ShaderCompiler.h">
      <Filter>Effects</Filter>
    </ClInclude>
    <ClInclude Include="Effects\CustomPixelShaderEffect.h">
      <Filter>Effects</Filter>
    </ClInclude>
    <ClInclude Include="Effects\CustomComputeShaderEffect.h">
      <Filter>Effects</Filter>
    </ClInclude>

    <ClInclude Include="Controls\ShaderEditorController.h">
      <Filter>Controls</Filter>
    </ClInclude>
    <ClInclude Include="Controls\NodeGraphController.h">
      <Filter>Controls</Filter>
    </ClInclude>
    <ClInclude Include="Controls\PixelInspectorController.h">
      <Filter>Controls</Filter>
    </ClInclude>
    <ClInclude Include="Controls\PixelTraceController.h">
      <Filter>Controls</Filter>
    </ClInclude>
  </ItemGroup>

  <!-- Source Files -->
  <ItemGroup>
    <ClCompile Include="pch.cpp" />
    <ClCompile Include="App.xaml.cpp" />
    <ClCompile Include="MainWindow.xaml.cpp" />
    <ClCompile Include="$(GeneratedFilesDir)module.g.cpp" />

    <ClCompile Include="Graph\EffectGraph.cpp">
      <Filter>Graph</Filter>
    </ClCompile>

    <ClCompile Include="Rendering\DisplayMonitor.cpp">
      <Filter>Rendering</Filter>
    </ClCompile>
    <ClCompile Include="Rendering\RenderEngine.cpp">
      <Filter>Rendering</Filter>
    </ClCompile>
    <ClCompile Include="Rendering\GraphEvaluator.cpp">
      <Filter>Rendering</Filter>
    </ClCompile>
    <ClCompile Include="Rendering\ToneMapper.cpp">
      <Filter>Rendering</Filter>
    </ClCompile>
    <ClCompile Include="Rendering\FalseColorOverlay.cpp">
      <Filter>Rendering</Filter>
    </ClCompile>

    <ClCompile Include="Effects\ImageLoader.cpp">
      <Filter>Effects</Filter>
    </ClCompile>
    <ClCompile Include="Effects\SourceNodeFactory.cpp">
      <Filter>Effects</Filter>
    </ClCompile>
    <ClCompile Include="Effects\EffectRegistry.cpp">
      <Filter>Effects</Filter>
    </ClCompile>
    <ClCompile Include="Effects\ShaderCompiler.cpp">
      <Filter>Effects</Filter>
    </ClCompile>
    <ClCompile Include="Effects\CustomPixelShaderEffect.cpp">
      <Filter>Effects</Filter>
    </ClCompile>
    <ClCompile Include="Effects\CustomComputeShaderEffect.cpp">
      <Filter>Effects</Filter>
    </ClCompile>

    <ClCompile Include="Controls\ShaderEditorController.cpp">
      <Filter>Controls</Filter>
    </ClCompile>
    <ClCompile Include="Controls\NodeGraphController.cpp">
      <Filter>Controls</Filter>
    </ClCompile>
    <ClCompile Include="Controls\PixelInspectorController.cpp">
      <Filter>Controls</Filter>
    </ClCompile>
    <ClCompile Include="Controls\PixelTraceController.cpp">
      <Filter>Controls</Filter>
    </ClCompile>
  </ItemGroup>

  <!-- XAML -->
  <ItemGroup>
    <ApplicationDefinition Include="App.xaml" />
    <Page Include="MainWindow.xaml" />
  </ItemGroup>

  <!-- IDL -->
  <ItemGroup>
    <Midl Include="MainWindow.idl" />
  </ItemGroup>

  <!-- Assets -->
  <ItemGroup>
    <Image Include="Assets\LockScreenLogo.scale-200.png">
      <Filter>Assets</Filter>
    </Image>
    <Image Include="Assets\SplashScreen.scale-200.png">
      <Filter>Assets</Filter>
    </Image>
    <Image Include="Assets\Square150x150Logo.scale-200.png">
      <Filter>Assets</Filter>
    </Image>
    <Image Include="Assets\Square44x44Logo.scale-200.png">
      <Filter>Assets</Filter>
    </Image>
    <Image Include="Assets\Square44x44Logo.targetsize-24_altform-unplated.png">
      <Filter>Assets</Filter>
    </Image>
    <Image Include="Assets\StoreLogo.png">
      <Filter>Assets</Filter>
    </Image>
    <Image Include="Assets\Wide310x150Logo.scale-200.png">
      <Filter>Assets</Filter>
    </Image>
  </ItemGroup>

  <!-- Other -->
  <ItemGroup>
    <None Include="packages.config" />
    <Manifest Include="app.manifest" />
    <AppxManifest Include="Package.appxmanifest" />
  </ItemGroup>
</Project>
